
Microsoft Visual Studio Solution File, Format Version 12.00
# Visual Studio Version 17
VisualStudioVersion = 17.5.002.0
MinimumVisualStudioVersion = 10.0.40219.1
Project("{9A19103F-16F7-4668-BE54-9A1E7A4F7556}") = "goblin", "goblin.csproj", "{A909C18F-3CEB-46B3-BE16-643298BF33CC}"
EndProject
Global
	GlobalSection(SolutionConfigurationPlatforms) = preSolution
		Debug|Any CPU = Debug|Any CPU
		Release|Any CPU = Release|Any CPU
	EndGlobalSection
	GlobalSection(ProjectConfigurationPlatforms) = postSolution
		{A909C18F-3CEB-46B3-BE16-643298BF33CC}.Debug|Any CPU.ActiveCfg = Debug|Any CPU
		{A909C18F-3CEB-46B3-BE16-643298BF33CC}.Debug|Any CPU.Build.0 = Debug|Any CPU
		{A909C18F-3CEB-46B3-BE16-643298BF33CC}.Release|Any CPU.ActiveCfg = Release|Any CPU
		{A909C18F-3CEB-46B3-BE16-643298BF33CC}.Release|Any CPU.Build.0 = Release|Any CPU
	EndGlobalSection
	GlobalSection(SolutionProperties) = preSolution
		HideSolutionNode = FALSE
	EndGlobalSection
	GlobalSection(ExtensibilityGlobals) = postSolution
		SolutionGuid = {65C4B5F7-F7C8-42F5-AEE3-CB29DDCA1A08}
	EndGlobalSection
EndGlobal
